
Microsoft Visual Studio Solution File, Format Version 12.00
# Visual Studio Version 17
VisualStudioVersion = 17.9.34714.143
MinimumVisualStudioVersion = 10.0.40219.1
Project("{FAE04EC0-301F-11D3-BF4B-00C04F79EFBC}") = "AwesomeDevEvents.API", "AwesomeDevEvents.API\AwesomeDevEvents.API.csproj", "{2804B1CE-66F2-4971-ABBE-DEFA1751493A}"
EndProject
Global
	GlobalSection(SolutionConfigurationPlatforms) = preSolution
		Debug|Any CPU = Debug|Any CPU
		Release|Any CPU = Release|Any CPU
	EndGlobalSection
	GlobalSection(ProjectConfigurationPlatforms) = postSolution
		{2804B1CE-66F2-4971-ABBE-DEFA1751493A}.Debug|Any CPU.ActiveCfg = Debug|Any CPU
		{2804B1CE-66F2-4971-ABBE-DEFA1751493A}.Debug|Any CPU.Build.0 = Debug|Any CPU
		{2804B1CE-66F2-4971-ABBE-DEFA1751493A}.Release|Any CPU.ActiveCfg = Release|Any CPU
		{2804B1CE-66F2-4971-ABBE-DEFA1751493A}.Release|Any CPU.Build.0 = Release|Any CPU
	EndGlobalSection
	GlobalSection(SolutionProperties) = preSolution
		HideSolutionNode = FALSE
	EndGlobalSection
	GlobalSection(ExtensibilityGlobals) = postSolution
		SolutionGuid = {1BF64244-F80B-4BD6-B841-50BF98A407C0}
	EndGlobalSection
EndGlobal
